# THIS IS AN AUTOGENERATED FILE. DO NOT EDIT THIS FILE DIRECTLY.
# yarn lockfile v1


"@ampproject/remapping@^2.2.0":
  version "2.3.0"
  dependencies:
    "@jridgewell/gen-mapping" "^0.3.5"
    "@jridgewell/trace-mapping" "^0.3.24"

"@babel/code-frame@^7.25.9", "@babel/code-frame@^7.26.0", "@babel/code-frame@^7.26.2":
  version "7.26.2"
  dependencies:
    "@babel/helper-validator-identifier" "^7.25.9"
    js-tokens "^4.0.0"
    picocolors "^1.0.0"

"@babel/compat-data@^7.26.5":
  version "7.26.5"

"@babel/core@^7.0.0", "@babel/core@^7.0.0-0", "@babel/core@^7.23.7", "@babel/core@^7.26.0":
  version "7.26.0"
  dependencies:
    "@ampproject/remapping" "^2.2.0"
    "@babel/code-frame" "^7.26.0"
    "@babel/generator" "^7.26.0"
    "@babel/helper-compilation-targets" "^7.25.9"
    "@babel/helper-module-transforms" "^7.26.0"
    "@babel/helpers" "^7.26.0"
    "@babel/parser" "^7.26.0"
    "@babel/template" "^7.25.9"
    "@babel/traverse" "^7.25.9"
    "@babel/types" "^7.26.0"
    convert-source-map "^2.0.0"
    debug "^4.1.0"
    gensync "^1.0.0-beta.2"
    json5 "^2.2.3"
    semver "^6.3.1"

"@babel/generator@^7.26.0", "@babel/generator@^7.26.3", "@babel/generator@^7.26.5":
  version "7.26.5"
  dependencies:
    "@babel/parser" "^7.26.5"
    "@babel/types" "^7.26.5"
    "@jridgewell/gen-mapping" "^0.3.5"
    "@jridgewell/trace-mapping" "^0.3.25"
    jsesc "^3.0.2"

"@babel/helper-compilation-targets@^7.25.9":
  version "7.26.5"
  dependencies:
    "@babel/compat-data" "^7.26.5"
    "@babel/helper-validator-option" "^7.25.9"
    browserslist "^4.24.0"
    lru-cache "^5.1.1"
    semver "^6.3.1"

"@babel/helper-module-imports@^7.25.9":
  version "7.25.9"
  dependencies:
    "@babel/traverse" "^7.25.9"
    "@babel/types" "^7.25.9"

"@babel/helper-module-transforms@^7.26.0":
  version "7.26.0"
  dependencies:
    "@babel/helper-module-imports" "^7.25.9"
    "@babel/helper-validator-identifier" "^7.25.9"
    "@babel/traverse" "^7.25.9"

"@babel/helper-plugin-utils@^7.25.9":
  version "7.26.5"

"@babel/helper-string-parser@^7.25.9":
  version "7.25.9"

"@babel/helper-validator-identifier@^7.25.9":
  version "7.25.9"

"@babel/helper-validator-option@^7.25.9":
  version "7.25.9"

"@babel/helpers@^7.26.0":
  version "7.26.0"
  dependencies:
    "@babel/template" "^7.25.9"
    "@babel/types" "^7.26.0"

"@babel/parser@^7.1.0", "@babel/parser@^7.20.7", "@babel/parser@^7.23.6", "@babel/parser@^7.25.9", "@babel/parser@^7.26.0", "@babel/parser@^7.26.3", "@babel/parser@^7.26.5":
  version "7.26.5"
  dependencies:
    "@babel/types" "^7.26.5"

"@babel/plugin-syntax-jsx@^7.25.9":
  version "7.25.9"
  dependencies:
    "@babel/helper-plugin-utils" "^7.25.9"

"@babel/plugin-syntax-typescript@^7.25.9":
  version "7.25.9"
  dependencies:
    "@babel/helper-plugin-utils" "^7.25.9"

"@babel/plugin-transform-react-jsx-self@^7.25.9":
  version "7.25.9"
  dependencies:
    "@babel/helper-plugin-utils" "^7.25.9"

"@babel/plugin-transform-react-jsx-source@^7.25.9":
  version "7.25.9"
  dependencies:
    "@babel/helper-plugin-utils" "^7.25.9"

"@babel/runtime@^7.20.13", "@babel/runtime@^7.5.5", "@babel/runtime@^7.8.7":
  version "7.26.0"
  dependencies:
    regenerator-runtime "^0.14.0"

"@babel/template@^7.25.9":
  version "7.25.9"
  dependencies:
    "@babel/code-frame" "^7.25.9"
    "@babel/parser" "^7.25.9"
    "@babel/types" "^7.25.9"

"@babel/traverse@^7.23.7", "@babel/traverse@^7.25.9", "@babel/traverse@^7.26.4":
  version "7.26.5"
  dependencies:
    "@babel/code-frame" "^7.26.2"
    "@babel/generator" "^7.26.5"
    "@babel/parser" "^7.26.5"
    "@babel/template" "^7.25.9"
    "@babel/types" "^7.26.5"
    debug "^4.3.1"
    globals "^11.1.0"

"@babel/types@^7.0.0", "@babel/types@^7.20.7", "@babel/types@^7.23.6", "@babel/types@^7.25.9", "@babel/types@^7.26.0", "@babel/types@^7.26.3", "@babel/types@^7.26.5":
  version "7.26.5"
  dependencies:
    "@babel/helper-string-parser" "^7.25.9"
    "@babel/helper-validator-identifier" "^7.25.9"

"@esbuild/darwin-arm64@0.21.5":
  version "0.21.5"

"@esbuild/darwin-arm64@0.23.1":
  version "0.23.1"

"@eslint-community/eslint-utils@^4.2.0", "@eslint-community/eslint-utils@^4.4.0":
  version "4.4.1"
  dependencies:
    eslint-visitor-keys "^3.4.3"

"@eslint-community/regexpp@^4.10.0", "@eslint-community/regexpp@^4.6.1":
  version "4.12.1"

"@eslint/eslintrc@^2.1.4":
  version "2.1.4"
  dependencies:
    ajv "^6.12.4"
    debug "^4.3.2"
    espree "^9.6.0"
    globals "^13.19.0"
    ignore "^5.2.0"
    import-fresh "^3.2.1"
    js-yaml "^4.1.0"
    minimatch "^3.1.2"
    strip-json-comments "^3.1.1"

"@eslint/js@8.57.1":
  version "8.57.1"

"@floating-ui/core@^1.6.0":
  version "1.6.9"
  dependencies:
    "@floating-ui/utils" "^0.2.9"

"@floating-ui/dom@^1.0.0":
  version "1.6.13"
  dependencies:
    "@floating-ui/core" "^1.6.0"
    "@floating-ui/utils" "^0.2.9"

"@floating-ui/react-dom@^2.1.2":
  version "2.1.2"
  dependencies:
    "@floating-ui/dom" "^1.0.0"

"@floating-ui/react@^0.26.28":
  version "0.26.28"
  dependencies:
    "@floating-ui/react-dom" "^2.1.2"
    "@floating-ui/utils" "^0.2.8"
    tabbable "^6.0.0"

"@floating-ui/utils@^0.2.8", "@floating-ui/utils@^0.2.9":
  version "0.2.9"

"@humanwhocodes/config-array@^0.13.0":
  version "0.13.0"
  dependencies:
    "@humanwhocodes/object-schema" "^2.0.3"
    debug "^4.3.1"
    minimatch "^3.0.5"

"@humanwhocodes/module-importer@^1.0.1":
  version "1.0.1"

"@humanwhocodes/object-schema@^2.0.3":
  version "2.0.3"

"@jridgewell/gen-mapping@^0.3.5":
  version "0.3.8"
  dependencies:
    "@jridgewell/set-array" "^1.2.1"
    "@jridgewell/sourcemap-codec" "^1.4.10"
    "@jridgewell/trace-mapping" "^0.3.24"

"@jridgewell/resolve-uri@^3.1.0":
  version "3.1.2"

"@jridgewell/set-array@^1.2.1":
  version "1.2.1"

"@jridgewell/sourcemap-codec@^1.4.10", "@jridgewell/sourcemap-codec@^1.4.14":
  version "1.5.0"

"@jridgewell/trace-mapping@^0.3.24", "@jridgewell/trace-mapping@^0.3.25":
  version "0.3.25"
  dependencies:
    "@jridgewell/resolve-uri" "^3.1.0"
    "@jridgewell/sourcemap-codec" "^1.4.14"

"@mantine/charts@^7.16.1":
  version "7.16.1"

"@mantine/core@^7.16.1", "@mantine/core@7.16.1":
  version "7.16.1"
  dependencies:
    "@floating-ui/react" "^0.26.28"
    clsx "^2.1.1"
    react-number-format "^5.4.3"
    react-remove-scroll "^2.6.2"
    react-textarea-autosize "8.5.6"
    type-fest "^4.27.0"

"@mantine/hooks@^7.16.1", "@mantine/hooks@7.16.1":
  version "7.16.1"

"@nodelib/fs.scandir@2.1.5":
  version "2.1.5"
  dependencies:
    "@nodelib/fs.stat" "2.0.5"
    run-parallel "^1.1.9"

"@nodelib/fs.stat@^2.0.2", "@nodelib/fs.stat@2.0.5":
  version "2.0.5"

"@nodelib/fs.walk@^1.2.3", "@nodelib/fs.walk@^1.2.8":
  version "1.2.8"
  dependencies:
    "@nodelib/fs.scandir" "2.1.5"
    fastq "^1.6.0"

"@rollup/rollup-darwin-arm64@4.31.0":
  version "4.31.0"

"@tabler/icons-react@^3.28.1":
  version "3.28.1"
  dependencies:
    "@tabler/icons" "3.28.1"

"@tabler/icons@3.28.1":
  version "3.28.1"

"@tanstack/history@1.97.0":
  version "1.97.0"

"@tanstack/query-core@5.64.2":
  version "5.64.2"

"@tanstack/react-query@^5.64.2":
  version "5.64.2"
  dependencies:
    "@tanstack/query-core" "5.64.2"

"@tanstack/react-router@^1.97.3", "@tanstack/react-router@>=1.43.2":
  version "1.97.3"
  dependencies:
    "@tanstack/history" "1.97.0"
    "@tanstack/react-store" "^0.7.0"
    jsesc "^3.0.2"
    tiny-invariant "^1.3.3"
    tiny-warning "^1.0.3"

"@tanstack/react-store@^0.7.0":
  version "0.7.0"
  dependencies:
    "@tanstack/store" "0.7.0"
    use-sync-external-store "^1.4.0"

"@tanstack/router-devtools@^1.58.16":
  version "1.97.3"
  dependencies:
    clsx "^2.1.1"
    goober "^2.1.16"

"@tanstack/router-generator@^1.97.3":
  version "1.97.3"
  dependencies:
    "@tanstack/virtual-file-routes" "^1.97.0"
    prettier "^3.4.2"
    tsx "^4.19.2"
    zod "^3.24.1"

"@tanstack/router-plugin@^1.58.12":
  version "1.97.3"
  dependencies:
    "@babel/core" "^7.26.0"
    "@babel/generator" "^7.26.3"
    "@babel/parser" "^7.26.3"
    "@babel/plugin-syntax-jsx" "^7.25.9"
    "@babel/plugin-syntax-typescript" "^7.25.9"
    "@babel/template" "^7.25.9"
    "@babel/traverse" "^7.26.4"
    "@babel/types" "^7.26.3"
    "@tanstack/router-generator" "^1.97.3"
    "@tanstack/virtual-file-routes" "^1.97.0"
    "@types/babel__core" "^7.20.5"
    "@types/babel__generator" "^7.6.8"
    "@types/babel__template" "^7.4.4"
    "@types/babel__traverse" "^7.20.6"
    "@types/diff" "^6.0.0"
    babel-dead-code-elimination "^1.0.8"
    chalk "^5.3.0"
    chokidar "^3.6.0"
    diff "^7.0.0"
    unplugin "^1.16.0"
    zod "^3.24.1"

"@tanstack/router-zod-adapter@^1.81.5":
  version "1.81.5"

"@tanstack/store@0.7.0":
  version "0.7.0"

"@tanstack/virtual-file-routes@^1.97.0":
  version "1.97.0"

"@types/babel__core@^7.20.5":
  version "7.20.5"
  dependencies:
    "@babel/parser" "^7.20.7"
    "@babel/types" "^7.20.7"
    "@types/babel__generator" "*"
    "@types/babel__template" "*"
    "@types/babel__traverse" "*"

"@types/babel__generator@*", "@types/babel__generator@^7.6.8":
  version "7.6.8"
  dependencies:
    "@babel/types" "^7.0.0"

"@types/babel__template@*", "@types/babel__template@^7.4.4":
  version "7.4.4"
  dependencies:
    "@babel/parser" "^7.1.0"
    "@babel/types" "^7.0.0"

"@types/babel__traverse@*", "@types/babel__traverse@^7.20.6":
  version "7.20.6"
  dependencies:
    "@babel/types" "^7.20.7"

"@types/d3-array@^3.0.3":
  version "3.2.1"

"@types/d3-color@*":
  version "3.1.3"

"@types/d3-ease@^3.0.0":
  version "3.0.2"

"@types/d3-interpolate@^3.0.1":
  version "3.0.4"
  dependencies:
    "@types/d3-color" "*"

"@types/d3-path@*":
  version "3.1.0"

"@types/d3-scale@^4.0.2":
  version "4.0.8"
  dependencies:
    "@types/d3-time" "*"

"@types/d3-shape@^3.1.0":
  version "3.1.7"
  dependencies:
    "@types/d3-path" "*"

"@types/d3-time@*", "@types/d3-time@^3.0.0":
  version "3.0.4"

"@types/d3-timer@^3.0.0":
  version "3.0.2"

"@types/diff@^6.0.0":
  version "6.0.0"

"@types/estree@1.0.6":
  version "1.0.6"

"@types/node@^18.0.0 || >=20.0.0", "@types/node@^22.10.7":
  version "22.10.7"
  dependencies:
    undici-types "~6.20.0"

"@types/react-dom@^19":
  version "19.0.3"

"@types/react@*", "@types/react@^19", "@types/react@^19.0.0":
  version "19.0.7"
  dependencies:
    csstype "^3.0.2"

"@typescript-eslint/eslint-plugin@^7.13.1":
  version "7.18.0"
  dependencies:
    "@eslint-community/regexpp" "^4.10.0"
    "@typescript-eslint/scope-manager" "7.18.0"
    "@typescript-eslint/type-utils" "7.18.0"
    "@typescript-eslint/utils" "7.18.0"
    "@typescript-eslint/visitor-keys" "7.18.0"
    graphemer "^1.4.0"
    ignore "^5.3.1"
    natural-compare "^1.4.0"
    ts-api-utils "^1.3.0"

"@typescript-eslint/parser@^7.0.0", "@typescript-eslint/parser@^7.13.1":
  version "7.18.0"
  dependencies:
    "@typescript-eslint/scope-manager" "7.18.0"
    "@typescript-eslint/types" "7.18.0"
    "@typescript-eslint/typescript-estree" "7.18.0"
    "@typescript-eslint/visitor-keys" "7.18.0"
    debug "^4.3.4"

"@typescript-eslint/scope-manager@7.18.0":
  version "7.18.0"
  dependencies:
    "@typescript-eslint/types" "7.18.0"
    "@typescript-eslint/visitor-keys" "7.18.0"

"@typescript-eslint/type-utils@7.18.0":
  version "7.18.0"
  dependencies:
    "@typescript-eslint/typescript-estree" "7.18.0"
    "@typescript-eslint/utils" "7.18.0"
    debug "^4.3.4"
    ts-api-utils "^1.3.0"

"@typescript-eslint/types@7.18.0":
  version "7.18.0"

"@typescript-eslint/typescript-estree@7.18.0":
  version "7.18.0"
  dependencies:
    "@typescript-eslint/types" "7.18.0"
    "@typescript-eslint/visitor-keys" "7.18.0"
    debug "^4.3.4"
    globby "^11.1.0"
    is-glob "^4.0.3"
    minimatch "^9.0.4"
    semver "^7.6.0"
    ts-api-utils "^1.3.0"

"@typescript-eslint/utils@7.18.0":
  version "7.18.0"
  dependencies:
    "@eslint-community/eslint-utils" "^4.4.0"
    "@typescript-eslint/scope-manager" "7.18.0"
    "@typescript-eslint/types" "7.18.0"
    "@typescript-eslint/typescript-estree" "7.18.0"

"@typescript-eslint/visitor-keys@7.18.0":
  version "7.18.0"
  dependencies:
    "@typescript-eslint/types" "7.18.0"
    eslint-visitor-keys "^3.4.3"

"@ungap/structured-clone@^1.2.0":
  version "1.2.1"

"@vitejs/plugin-react@^4.3.1":
  version "4.3.4"
  dependencies:
    "@babel/core" "^7.26.0"
    "@babel/plugin-transform-react-jsx-self" "^7.25.9"
    "@babel/plugin-transform-react-jsx-source" "^7.25.9"
    "@types/babel__core" "^7.20.5"
    react-refresh "^0.14.2"

acorn-jsx@^5.3.2:
  version "5.3.2"

"acorn@^6.0.0 || ^7.0.0 || ^8.0.0", acorn@^8.14.0, acorn@^8.9.0:
  version "8.14.0"

ag-charts-types@11.0.4:
  version "11.0.4"
  resolved "https://registry.npmjs.org/ag-charts-types/-/ag-charts-types-11.0.4.tgz"
  integrity sha512-K/Mi7FXvSCoABLSrqQ70k1QrIL5R6RNCt2NAppOxMEir+DVFPqKZtghruobc2MGVUUKkT9MCn6Dun+fL6yZjfA==

ag-grid-community@33.0.4:
  version "33.0.4"
  resolved "https://registry.npmjs.org/ag-grid-community/-/ag-grid-community-33.0.4.tgz"
  integrity sha512-iBD8g8bNIl95w9CzCQpDid+eTdmOoT39204sPUOhE9eE50vfoDHIaF5U4fRYQHbLsT4bwbXfQYdsqBAOLJL24w==
  dependencies:
    ag-charts-types "11.0.4"

ag-grid-react@^33.0.4:
  version "33.0.4"
  resolved "https://registry.npmjs.org/ag-grid-react/-/ag-grid-react-33.0.4.tgz"
  integrity sha512-0Y54BmY03athtqfpO5kTR/gjyP6Qw4LP+EQD2duBZ3yj4SWWlwE1Ob7Lc7OuZRHxl2dxLQy2edagJHrqnmopKw==
  dependencies:
    ag-grid-community "33.0.4"
    prop-types "^15.8.1"

ajv@^6.12.4:
  version "6.12.6"
  dependencies:
    fast-deep-equal "^3.1.1"
    fast-json-stable-stringify "^2.0.0"
    json-schema-traverse "^0.4.1"
    uri-js "^4.2.2"

ansi-regex@^5.0.1:
  version "5.0.1"

ansi-styles@^4.1.0:
  version "4.3.0"
  dependencies:
    color-convert "^2.0.1"

anymatch@~3.1.2:
  version "3.1.3"
  dependencies:
    normalize-path "^3.0.0"
    picomatch "^2.0.4"

argparse@^2.0.1:
  version "2.0.1"

array-union@^2.1.0:
  version "2.1.0"

babel-dead-code-elimination@^1.0.8:
  version "1.0.8"
  dependencies:
    "@babel/core" "^7.23.7"
    "@babel/parser" "^7.23.6"
    "@babel/traverse" "^7.23.7"
    "@babel/types" "^7.23.6"

balanced-match@^1.0.0:
  version "1.0.2"

binary-extensions@^2.0.0:
  version "2.3.0"

brace-expansion@^1.1.7:
  version "1.1.11"
  dependencies:
    balanced-match "^1.0.0"
    concat-map "0.0.1"

brace-expansion@^2.0.1:
  version "2.0.1"
  dependencies:
    balanced-match "^1.0.0"

braces@^3.0.3, braces@~3.0.2:
  version "3.0.3"
  dependencies:
    fill-range "^7.1.1"

browserslist@^4.24.0, "browserslist@>= 4.21.0":
  version "4.24.4"
  dependencies:
    caniuse-lite "^1.0.30001688"
    electron-to-chromium "^1.5.73"
    node-releases "^2.0.19"
    update-browserslist-db "^1.1.1"

callsites@^3.0.0:
  version "3.1.0"

camelcase-css@^2.0.1:
  version "2.0.1"

caniuse-lite@^1.0.30001688:
  version "1.0.30001695"

chalk@^4.0.0:
  version "4.1.2"
  dependencies:
    ansi-styles "^4.1.0"
    supports-color "^7.1.0"

chalk@^5.3.0:
  version "5.4.1"

chokidar@^3.6.0:
  version "3.6.0"
  dependencies:
    anymatch "~3.1.2"
    braces "~3.0.2"
    glob-parent "~5.1.2"
    is-binary-path "~2.1.0"
    is-glob "~4.0.1"
    normalize-path "~3.0.0"
    readdirp "~3.6.0"
  optionalDependencies:
    fsevents "~2.3.2"

clsx@^2.0.0, clsx@^2.1.1:
  version "2.1.1"

color-convert@^2.0.1:
  version "2.0.1"
  dependencies:
    color-name "~1.1.4"

color-name@~1.1.4:
  version "1.1.4"

concat-map@0.0.1:
  version "0.0.1"

convert-source-map@^2.0.0:
  version "2.0.0"

cross-spawn@^7.0.2:
  version "7.0.6"
  dependencies:
    path-key "^3.1.0"
    shebang-command "^2.0.0"
    which "^2.0.1"

cssesc@^3.0.0:
  version "3.0.0"

csstype@^3.0.10, csstype@^3.0.2:
  version "3.1.3"

d3-array@^3.1.6, "d3-array@2 - 3", "d3-array@2.10.0 - 3":
  version "3.2.4"
  dependencies:
    internmap "1 - 2"

"d3-color@1 - 3":
  version "3.1.0"

d3-ease@^3.0.1:
  version "3.0.1"

"d3-format@1 - 3":
  version "3.1.0"

d3-interpolate@^3.0.1, "d3-interpolate@1.2.0 - 3":
  version "3.0.1"
  dependencies:
    d3-color "1 - 3"

d3-path@^3.1.0:
  version "3.1.0"

d3-scale@^4.0.2:
  version "4.0.2"
  dependencies:
    d3-array "2.10.0 - 3"
    d3-format "1 - 3"
    d3-interpolate "1.2.0 - 3"
    d3-time "2.1.1 - 3"
    d3-time-format "2 - 4"

d3-shape@^3.1.0:
  version "3.2.0"
  dependencies:
    d3-path "^3.1.0"

"d3-time-format@2 - 4":
  version "4.1.0"
  dependencies:
    d3-time "1 - 3"

d3-time@^3.0.0, "d3-time@1 - 3", "d3-time@2.1.1 - 3":
  version "3.1.0"
  dependencies:
    d3-array "2 - 3"

d3-timer@^3.0.1:
  version "3.0.1"

date-fns@^4.1.0:
  version "4.1.0"

debug@^4.1.0, debug@^4.3.1, debug@^4.3.2, debug@^4.3.4:
  version "4.4.0"
  dependencies:
    ms "^2.1.3"

decimal.js-light@^2.4.1:
  version "2.5.1"

deep-is@^0.1.3:
  version "0.1.4"

detect-node-es@^1.1.0:
  version "1.1.0"

diff@^7.0.0:
  version "7.0.0"

dir-glob@^3.0.1:
  version "3.0.1"
  dependencies:
    path-type "^4.0.0"

doctrine@^3.0.0:
  version "3.0.0"
  dependencies:
    esutils "^2.0.2"

dom-helpers@^5.0.1:
  version "5.2.1"
  dependencies:
    "@babel/runtime" "^7.8.7"
    csstype "^3.0.2"

electron-to-chromium@^1.5.73:
  version "1.5.84"

esbuild@^0.21.3:
  version "0.21.5"
  optionalDependencies:
    "@esbuild/aix-ppc64" "0.21.5"
    "@esbuild/android-arm" "0.21.5"
    "@esbuild/android-arm64" "0.21.5"
    "@esbuild/android-x64" "0.21.5"
    "@esbuild/darwin-arm64" "0.21.5"
    "@esbuild/darwin-x64" "0.21.5"
    "@esbuild/freebsd-arm64" "0.21.5"
    "@esbuild/freebsd-x64" "0.21.5"
    "@esbuild/linux-arm" "0.21.5"
    "@esbuild/linux-arm64" "0.21.5"
    "@esbuild/linux-ia32" "0.21.5"
    "@esbuild/linux-loong64" "0.21.5"
    "@esbuild/linux-mips64el" "0.21.5"
    "@esbuild/linux-ppc64" "0.21.5"
    "@esbuild/linux-riscv64" "0.21.5"
    "@esbuild/linux-s390x" "0.21.5"
    "@esbuild/linux-x64" "0.21.5"
    "@esbuild/netbsd-x64" "0.21.5"
    "@esbuild/openbsd-x64" "0.21.5"
    "@esbuild/sunos-x64" "0.21.5"
    "@esbuild/win32-arm64" "0.21.5"
    "@esbuild/win32-ia32" "0.21.5"
    "@esbuild/win32-x64" "0.21.5"

esbuild@~0.23.0:
  version "0.23.1"
  optionalDependencies:
    "@esbuild/aix-ppc64" "0.23.1"
    "@esbuild/android-arm" "0.23.1"
    "@esbuild/android-arm64" "0.23.1"
    "@esbuild/android-x64" "0.23.1"
    "@esbuild/darwin-arm64" "0.23.1"
    "@esbuild/darwin-x64" "0.23.1"
    "@esbuild/freebsd-arm64" "0.23.1"
    "@esbuild/freebsd-x64" "0.23.1"
    "@esbuild/linux-arm" "0.23.1"
    "@esbuild/linux-arm64" "0.23.1"
    "@esbuild/linux-ia32" "0.23.1"
    "@esbuild/linux-loong64" "0.23.1"
    "@esbuild/linux-mips64el" "0.23.1"
    "@esbuild/linux-ppc64" "0.23.1"
    "@esbuild/linux-riscv64" "0.23.1"
    "@esbuild/linux-s390x" "0.23.1"
    "@esbuild/linux-x64" "0.23.1"
    "@esbuild/netbsd-x64" "0.23.1"
    "@esbuild/openbsd-arm64" "0.23.1"
    "@esbuild/openbsd-x64" "0.23.1"
    "@esbuild/sunos-x64" "0.23.1"
    "@esbuild/win32-arm64" "0.23.1"
    "@esbuild/win32-ia32" "0.23.1"
    "@esbuild/win32-x64" "0.23.1"

escalade@^3.2.0:
  version "3.2.0"

escape-string-regexp@^4.0.0:
  version "4.0.0"

eslint-plugin-react-hooks@^4.6.2:
  version "4.6.2"

eslint-plugin-react-refresh@^0.4.7:
  version "0.4.18"

eslint-scope@^7.2.2:
  version "7.2.2"
  dependencies:
    esrecurse "^4.3.0"
    estraverse "^5.2.0"

eslint-visitor-keys@^3.4.1, eslint-visitor-keys@^3.4.3:
  version "3.4.3"

"eslint@^3.0.0 || ^4.0.0 || ^5.0.0 || ^6.0.0 || ^7.0.0 || ^8.0.0-0", "eslint@^6.0.0 || ^7.0.0 || >=8.0.0", eslint@^8.56.0, eslint@^8.57.0, eslint@>=8.40:
  version "8.57.1"
  dependencies:
    "@eslint-community/eslint-utils" "^4.2.0"
    "@eslint-community/regexpp" "^4.6.1"
    "@eslint/eslintrc" "^2.1.4"
    "@eslint/js" "8.57.1"
    "@humanwhocodes/config-array" "^0.13.0"
    "@humanwhocodes/module-importer" "^1.0.1"
    "@nodelib/fs.walk" "^1.2.8"
    "@ungap/structured-clone" "^1.2.0"
    ajv "^6.12.4"
    chalk "^4.0.0"
    cross-spawn "^7.0.2"
    debug "^4.3.2"
    doctrine "^3.0.0"
    escape-string-regexp "^4.0.0"
    eslint-scope "^7.2.2"
    eslint-visitor-keys "^3.4.3"
    espree "^9.6.1"
    esquery "^1.4.2"
    esutils "^2.0.2"
    fast-deep-equal "^3.1.3"
    file-entry-cache "^6.0.1"
    find-up "^5.0.0"
    glob-parent "^6.0.2"
    globals "^13.19.0"
    graphemer "^1.4.0"
    ignore "^5.2.0"
    imurmurhash "^0.1.4"
    is-glob "^4.0.0"
    is-path-inside "^3.0.3"
    js-yaml "^4.1.0"
    json-stable-stringify-without-jsonify "^1.0.1"
    levn "^0.4.1"
    lodash.merge "^4.6.2"
    minimatch "^3.1.2"
    natural-compare "^1.4.0"
    optionator "^0.9.3"
    strip-ansi "^6.0.1"
    text-table "^0.2.0"

espree@^9.6.0, espree@^9.6.1:
  version "9.6.1"
  dependencies:
    acorn "^8.9.0"
    acorn-jsx "^5.3.2"
    eslint-visitor-keys "^3.4.1"

esquery@^1.4.2:
  version "1.6.0"
  dependencies:
    estraverse "^5.1.0"

esrecurse@^4.3.0:
  version "4.3.0"
  dependencies:
    estraverse "^5.2.0"

estraverse@^5.1.0, estraverse@^5.2.0:
  version "5.3.0"

esutils@^2.0.2:
  version "2.0.3"

eventemitter3@^4.0.1:
  version "4.0.7"

fast-deep-equal@^3.1.1, fast-deep-equal@^3.1.3:
  version "3.1.3"

fast-equals@^5.0.1:
  version "5.2.2"

fast-glob@^3.2.11, fast-glob@^3.2.9:
  version "3.3.3"
  dependencies:
    "@nodelib/fs.stat" "^2.0.2"
    "@nodelib/fs.walk" "^1.2.3"
    glob-parent "^5.1.2"
    merge2 "^1.3.0"
    micromatch "^4.0.8"

fast-json-stable-stringify@^2.0.0:
  version "2.1.0"

fast-levenshtein@^2.0.6:
  version "2.0.6"

fastq@^1.6.0:
  version "1.18.0"
  dependencies:
    reusify "^1.0.4"

file-entry-cache@^6.0.1:
  version "6.0.1"
  dependencies:
    flat-cache "^3.0.4"

fill-range@^7.1.1:
  version "7.1.1"
  dependencies:
    to-regex-range "^5.0.1"

find-up@^5.0.0:
  version "5.0.0"
  dependencies:
    locate-path "^6.0.0"
    path-exists "^4.0.0"

flat-cache@^3.0.4:
  version "3.2.0"
  dependencies:
    flatted "^3.2.9"
    keyv "^4.5.3"
    rimraf "^3.0.2"

flatted@^3.2.9:
  version "3.3.2"

fs.realpath@^1.0.0:
  version "1.0.0"

fsevents@~2.3.2, fsevents@~2.3.3:
  version "2.3.3"

gensync@^1.0.0-beta.2:
  version "1.0.0-beta.2"

get-nonce@^1.0.0:
  version "1.0.1"

get-tsconfig@^4.7.5:
  version "4.9.0"
  dependencies:
    resolve-pkg-maps "^1.0.0"

glob-parent@^5.1.2, glob-parent@~5.1.2:
  version "5.1.2"
  dependencies:
    is-glob "^4.0.1"

glob-parent@^6.0.2:
  version "6.0.2"
  dependencies:
    is-glob "^4.0.3"

glob@^7.1.3:
  version "7.2.3"
  dependencies:
    fs.realpath "^1.0.0"
    inflight "^1.0.4"
    inherits "2"
    minimatch "^3.1.1"
    once "^1.3.0"
    path-is-absolute "^1.0.0"

globals@^11.1.0:
  version "11.12.0"

globals@^13.19.0:
  version "13.24.0"
  dependencies:
    type-fest "^0.20.2"

globby@^11.1.0:
  version "11.1.0"
  dependencies:
    array-union "^2.1.0"
    dir-glob "^3.0.1"
    fast-glob "^3.2.9"
    ignore "^5.2.0"
    merge2 "^1.4.1"
    slash "^3.0.0"

goober@^2.1.16:
  version "2.1.16"

graphemer@^1.4.0:
  version "1.4.0"

has-flag@^4.0.0:
  version "4.0.0"

ignore@^5.2.0, ignore@^5.3.1:
  version "5.3.2"

import-fresh@^3.2.1:
  version "3.3.0"
  dependencies:
    parent-module "^1.0.0"
    resolve-from "^4.0.0"

imurmurhash@^0.1.4:
  version "0.1.4"

inflight@^1.0.4:
  version "1.0.6"
  dependencies:
    once "^1.3.0"
    wrappy "1"

inherits@2:
  version "2.0.4"

"internmap@1 - 2":
  version "2.0.3"

is-binary-path@~2.1.0:
  version "2.1.0"
  dependencies:
    binary-extensions "^2.0.0"

is-extglob@^2.1.1:
  version "2.1.1"

is-glob@^4.0.0, is-glob@^4.0.1, is-glob@^4.0.3, is-glob@~4.0.1:
  version "4.0.3"
  dependencies:
    is-extglob "^2.1.1"

is-number@^7.0.0:
  version "7.0.0"

is-path-inside@^3.0.3:
  version "3.0.3"

isexe@^2.0.0:
  version "2.0.0"

"js-tokens@^3.0.0 || ^4.0.0", js-tokens@^4.0.0:
  version "4.0.0"

js-yaml@^4.1.0:
  version "4.1.0"
  dependencies:
    argparse "^2.0.1"

jsesc@^3.0.2:
  version "3.1.0"

json-buffer@3.0.1:
  version "3.0.1"

json-schema-traverse@^0.4.1:
  version "0.4.1"

json-stable-stringify-without-jsonify@^1.0.1:
  version "1.0.1"

json5@^2.2.3:
  version "2.2.3"

keyv@^4.5.3:
  version "4.5.4"
  dependencies:
    json-buffer "3.0.1"

levn@^0.4.1:
  version "0.4.1"
  dependencies:
    prelude-ls "^1.2.1"
    type-check "~0.4.0"

locate-path@^6.0.0:
  version "6.0.0"
  dependencies:
    p-locate "^5.0.0"

lodash.merge@^4.6.2:
  version "4.6.2"

lodash@^4.17.21:
  version "4.17.21"

loose-envify@^1.4.0:
  version "1.4.0"
  dependencies:
    js-tokens "^3.0.0 || ^4.0.0"

lru-cache@^5.1.1:
  version "5.1.1"
  dependencies:
    yallist "^3.0.2"

merge2@^1.3.0, merge2@^1.4.1:
  version "1.4.1"

micromatch@^4.0.8:
  version "4.0.8"
  dependencies:
    braces "^3.0.3"
    picomatch "^2.3.1"

minimatch@^3.0.5, minimatch@^3.1.1, minimatch@^3.1.2:
  version "3.1.2"
  dependencies:
    brace-expansion "^1.1.7"

minimatch@^9.0.4:
  version "9.0.5"
  dependencies:
    brace-expansion "^2.0.1"

ms@^2.1.3:
  version "2.1.3"

nanoid@^3.3.8:
  version "3.3.8"

natural-compare@^1.4.0:
  version "1.4.0"

node-releases@^2.0.19:
  version "2.0.19"

normalize-path@^3.0.0, normalize-path@~3.0.0:
  version "3.0.0"

object-assign@^4.1.1:
  version "4.1.1"

once@^1.3.0:
  version "1.4.0"
  dependencies:
    wrappy "1"

optionator@^0.9.3:
  version "0.9.4"
  dependencies:
    deep-is "^0.1.3"
    fast-levenshtein "^2.0.6"
    levn "^0.4.1"
    prelude-ls "^1.2.1"
    type-check "^0.4.0"
    word-wrap "^1.2.5"

p-limit@^3.0.2:
  version "3.1.0"
  dependencies:
    yocto-queue "^0.1.0"

p-locate@^5.0.0:
  version "5.0.0"
  dependencies:
    p-limit "^3.0.2"

parent-module@^1.0.0:
  version "1.0.1"
  dependencies:
    callsites "^3.0.0"

path-exists@^4.0.0:
  version "4.0.0"

path-is-absolute@^1.0.0:
  version "1.0.1"

path-key@^3.1.0:
  version "3.1.1"

path-type@^4.0.0:
  version "4.0.0"

picocolors@^1.0.0, picocolors@^1.1.1:
  version "1.1.1"

picomatch@^2.0.4, picomatch@^2.2.1, picomatch@^2.3.1:
  version "2.3.1"

postcss-js@^4.0.0:
  version "4.0.1"
  dependencies:
    camelcase-css "^2.0.1"

postcss-mixins@^9.0.4:
  version "9.0.4"
  dependencies:
    fast-glob "^3.2.11"
    postcss-js "^4.0.0"
    postcss-simple-vars "^7.0.0"
    sugarss "^4.0.1"

postcss-nested@^6.0.1:
  version "6.2.0"
  dependencies:
    postcss-selector-parser "^6.1.1"

postcss-preset-mantine@1.17.0:
  version "1.17.0"
  dependencies:
    postcss-mixins "^9.0.4"
    postcss-nested "^6.0.1"

postcss-selector-parser@^6.1.1:
  version "6.1.2"
  dependencies:
    cssesc "^3.0.0"
    util-deprecate "^1.0.2"

postcss-simple-vars@^7.0.0, postcss-simple-vars@^7.0.1:
  version "7.0.1"

postcss@^8.2.1, postcss@^8.2.14, postcss@^8.3.3, postcss@^8.4.21, postcss@^8.4.38, postcss@^8.4.43, postcss@>=8.0.0:
  version "8.5.1"
  dependencies:
    nanoid "^3.3.8"
    picocolors "^1.1.1"
    source-map-js "^1.2.1"

prelude-ls@^1.2.1:
  version "1.2.1"

prettier@^3.4.2:
  version "3.4.2"

prop-types@^15.6.2, prop-types@^15.8.1:
  version "15.8.1"
  dependencies:
    loose-envify "^1.4.0"
    object-assign "^4.1.1"
    react-is "^16.13.1"

punycode@^2.1.0:
  version "2.3.1"

queue-microtask@^1.2.2:
  version "1.2.3"

"react-dom@^0.14 || ^15.0.0 || ^16.0.0 || ^17.0.0 || ^18.0.0 || ^19.0.0", "react-dom@^16.0.0 || ^17.0.0 || ^18.0.0 || ^19.0.0", "react-dom@^16.8.0 || ^17.0.0 || ^18.0.0 || ^19.0.0", "react-dom@^18.x || ^19.x", react-dom@^19.0.0, react-dom@>=16.6.0, react-dom@>=16.8.0, react-dom@>=18:
  version "19.0.0"
  dependencies:
    scheduler "^0.25.0"

react-is@^16.13.1:
  version "16.13.1"

react-is@^18.3.1:
  version "18.3.1"

react-number-format@^5.4.3:
  version "5.4.3"

react-refresh@^0.14.2:
  version "0.14.2"

react-remove-scroll-bar@^2.3.7:
  version "2.3.8"
  dependencies:
    react-style-singleton "^2.2.2"
    tslib "^2.0.0"

react-remove-scroll@^2.6.2:
  version "2.6.2"
  dependencies:
    react-remove-scroll-bar "^2.3.7"
    react-style-singleton "^2.2.1"
    tslib "^2.1.0"
    use-callback-ref "^1.3.3"
    use-sidecar "^1.1.2"

react-smooth@^4.0.0:
  version "4.0.4"
  dependencies:
    fast-equals "^5.0.1"
    prop-types "^15.8.1"
    react-transition-group "^4.4.5"

react-style-singleton@^2.2.1, react-style-singleton@^2.2.2:
  version "2.2.3"
  dependencies:
    get-nonce "^1.0.0"
    tslib "^2.0.0"

react-textarea-autosize@8.5.6:
  version "8.5.6"
  dependencies:
    "@babel/runtime" "^7.20.13"
    use-composed-ref "^1.3.0"
    use-latest "^1.2.1"

react-transition-group@^4.4.5:
  version "4.4.5"
  dependencies:
    "@babel/runtime" "^7.5.5"
    dom-helpers "^5.0.1"
    loose-envify "^1.4.0"
    prop-types "^15.6.2"

"react@^0.14 || ^15.0.0 || ^16.0.0 || ^17.0.0 || ^18.0.0 || ^19.0.0", "react@^16.0.0 || ^17.0.0 || ^18.0.0 || ^19.0.0", "react@^16.8.0 || ^17.0.0 || ^18.0.0 || ^19.0.0", "react@^16.8.0 || ^17.0.0 || ^18.0.0 || ^19.0.0 || ^19.0.0-rc", "react@^18 || ^19", "react@^18.x || ^19.x", react@^19.0.0, "react@>= 16", react@>=16.6.0, react@>=16.8.0, react@>=18:
  version "19.0.0"

readdirp@~3.6.0:
  version "3.6.0"
  dependencies:
    picomatch "^2.2.1"

recharts-scale@^0.4.4:
  version "0.4.5"
  dependencies:
    decimal.js-light "^2.4.1"

recharts@^2.13.3, recharts@2:
  version "2.15.0"
  dependencies:
    clsx "^2.0.0"
    eventemitter3 "^4.0.1"
    lodash "^4.17.21"
    react-is "^18.3.1"
    react-smooth "^4.0.0"
    recharts-scale "^0.4.4"
    tiny-invariant "^1.3.1"
    victory-vendor "^36.6.8"

regenerator-runtime@^0.14.0:
  version "0.14.1"

resolve-from@^4.0.0:
  version "4.0.0"

resolve-pkg-maps@^1.0.0:
  version "1.0.0"

reusify@^1.0.4:
  version "1.0.4"

rimraf@^3.0.2:
  version "3.0.2"
  dependencies:
    glob "^7.1.3"

rollup@^4.20.0:
  version "4.31.0"
  dependencies:
    "@types/estree" "1.0.6"
  optionalDependencies:
    "@rollup/rollup-android-arm-eabi" "4.31.0"
    "@rollup/rollup-android-arm64" "4.31.0"
    "@rollup/rollup-darwin-arm64" "4.31.0"
    "@rollup/rollup-darwin-x64" "4.31.0"
    "@rollup/rollup-freebsd-arm64" "4.31.0"
    "@rollup/rollup-freebsd-x64" "4.31.0"
    "@rollup/rollup-linux-arm-gnueabihf" "4.31.0"
    "@rollup/rollup-linux-arm-musleabihf" "4.31.0"
    "@rollup/rollup-linux-arm64-gnu" "4.31.0"
    "@rollup/rollup-linux-arm64-musl" "4.31.0"
    "@rollup/rollup-linux-loongarch64-gnu" "4.31.0"
    "@rollup/rollup-linux-powerpc64le-gnu" "4.31.0"
    "@rollup/rollup-linux-riscv64-gnu" "4.31.0"
    "@rollup/rollup-linux-s390x-gnu" "4.31.0"
    "@rollup/rollup-linux-x64-gnu" "4.31.0"
    "@rollup/rollup-linux-x64-musl" "4.31.0"
    "@rollup/rollup-win32-arm64-msvc" "4.31.0"
    "@rollup/rollup-win32-ia32-msvc" "4.31.0"
    "@rollup/rollup-win32-x64-msvc" "4.31.0"
    fsevents "~2.3.2"

run-parallel@^1.1.9:
  version "1.2.0"
  dependencies:
    queue-microtask "^1.2.2"

scheduler@^0.25.0:
  version "0.25.0"

semver@^6.3.1:
  version "6.3.1"

semver@^7.6.0:
  version "7.6.3"

shebang-command@^2.0.0:
  version "2.0.0"
  dependencies:
    shebang-regex "^3.0.0"

shebang-regex@^3.0.0:
  version "3.0.0"

slash@^3.0.0:
  version "3.0.0"

source-map-js@^1.2.1:
  version "1.2.1"

strip-ansi@^6.0.1:
  version "6.0.1"
  dependencies:
    ansi-regex "^5.0.1"

strip-json-comments@^3.1.1:
  version "3.1.1"

sugarss@*, sugarss@^4.0.1:
  version "4.0.1"

supports-color@^7.1.0:
  version "7.2.0"
  dependencies:
    has-flag "^4.0.0"

tabbable@^6.0.0:
  version "6.2.0"

text-table@^0.2.0:
  version "0.2.0"

tiny-invariant@^1.3.1, tiny-invariant@^1.3.3:
  version "1.3.3"

tiny-warning@^1.0.3:
  version "1.0.3"

to-regex-range@^5.0.1:
  version "5.0.1"
  dependencies:
    is-number "^7.0.0"

ts-api-utils@^1.3.0:
  version "1.4.3"

tslib@^2.0.0, tslib@^2.1.0:
  version "2.8.1"

tsx@^4.19.2:
  version "4.19.2"
  dependencies:
    esbuild "~0.23.0"
    get-tsconfig "^4.7.5"
  optionalDependencies:
    fsevents "~2.3.3"

type-check@^0.4.0, type-check@~0.4.0:
  version "0.4.0"
  dependencies:
    prelude-ls "^1.2.1"

type-fest@^0.20.2:
  version "0.20.2"

type-fest@^4.27.0:
  version "4.33.0"

typescript@^5.5.2, typescript@>=4.2.0:
  version "5.7.3"

undici-types@~6.20.0:
  version "6.20.0"

unplugin@^1.16.0:
  version "1.16.1"
  dependencies:
    acorn "^8.14.0"
    webpack-virtual-modules "^0.6.2"

update-browserslist-db@^1.1.1:
  version "1.1.2"
  dependencies:
    escalade "^3.2.0"
    picocolors "^1.1.1"

uri-js@^4.2.2:
  version "4.4.1"
  dependencies:
    punycode "^2.1.0"

use-callback-ref@^1.3.3:
  version "1.3.3"
  dependencies:
    tslib "^2.0.0"

use-composed-ref@^1.3.0:
  version "1.4.0"

use-isomorphic-layout-effect@^1.1.1:
  version "1.2.0"

use-latest@^1.2.1:
  version "1.3.0"
  dependencies:
    use-isomorphic-layout-effect "^1.1.1"

use-sidecar@^1.1.2:
  version "1.1.3"
  dependencies:
    detect-node-es "^1.1.0"
    tslib "^2.0.0"

use-sync-external-store@^1.4.0:
  version "1.4.0"

util-deprecate@^1.0.2:
  version "1.0.2"

victory-vendor@^36.6.8:
  version "36.9.2"
  dependencies:
    "@types/d3-array" "^3.0.3"
    "@types/d3-ease" "^3.0.0"
    "@types/d3-interpolate" "^3.0.1"
    "@types/d3-scale" "^4.0.2"
    "@types/d3-shape" "^3.1.0"
    "@types/d3-time" "^3.0.0"
    "@types/d3-timer" "^3.0.0"
    d3-array "^3.1.6"
    d3-ease "^3.0.1"
    d3-interpolate "^3.0.1"
    d3-scale "^4.0.2"
    d3-shape "^3.1.0"
    d3-time "^3.0.0"
    d3-timer "^3.0.1"

"vite@^4.2.0 || ^5.0.0 || ^6.0.0", vite@^5.3.1, "vite@>=5.0.0 || >=6.0.0":
  version "5.4.13"
  dependencies:
    esbuild "^0.21.3"
    postcss "^8.4.43"
    rollup "^4.20.0"
  optionalDependencies:
    fsevents "~2.3.3"

webpack-virtual-modules@^0.6.2:
  version "0.6.2"

which@^2.0.1:
  version "2.0.2"
  dependencies:
    isexe "^2.0.0"

word-wrap@^1.2.5:
  version "1.2.5"

wrappy@1:
  version "1.0.2"

yallist@^3.0.2:
  version "3.1.1"

yocto-queue@^0.1.0:
  version "0.1.0"

zod@^3.24.1, zod@>=3:
  version "3.24.1"
